
Microsoft Visual Studio Solution File, Format Version 12.00
# Visual Studio 15
VisualStudioVersion = 15.0.28307.1169
MinimumVisualStudioVersion = 10.0.40219.1
Project("{FAE04EC0-301F-11D3-BF4B-00C04F79EFBC}") = "ReadingInput", "ReadingInput\ReadingInput.csproj", "{86E33585-48F9-40A3-BEB2-C62CDC1B1E12}"
EndProject
Global
	GlobalSection(SolutionConfigurationPlatforms) = preSolution
		Debug|Any CPU = Debug|Any CPU
		Release|Any CPU = Release|Any CPU
	EndGlobalSection
	GlobalSection(ProjectConfigurationPlatforms) = postSolution
		{86E33585-48F9-40A3-BEB2-C62CDC1B1E12}.Debug|Any CPU.ActiveCfg = Debug|Any CPU
		{86E33585-48F9-40A3-BEB2-C62CDC1B1E12}.Debug|Any CPU.Build.0 = Debug|Any CPU
		{86E33585-48F9-40A3-BEB2-C62CDC1B1E12}.Release|Any CPU.ActiveCfg = Release|Any CPU
		{86E33585-48F9-40A3-BEB2-C62CDC1B1E12}.Release|Any CPU.Build.0 = Release|Any CPU
	EndGlobalSection
	GlobalSection(SolutionProperties) = preSolution
		HideSolutionNode = FALSE
	EndGlobalSection
	GlobalSection(ExtensibilityGlobals) = postSolution
		SolutionGuid = {06609913-DD30-4327-96F3-5CA1DB098193}
	EndGlobalSection
EndGlobal
