
Microsoft Visual Studio Solution File, Format Version 12.00
# Visual Studio 15
VisualStudioVersion = 15.0.28307.1169
MinimumVisualStudioVersion = 10.0.40219.1
Project("{FAE04EC0-301F-11D3-BF4B-00C04F79EFBC}") = "RecursiveCode", "RecursiveCode\RecursiveCode.csproj", "{F37BFAAB-0DEE-485E-A872-75262CDD439A}"
EndProject
Global
	GlobalSection(SolutionConfigurationPlatforms) = preSolution
		Debug|Any CPU = Debug|Any CPU
		Release|Any CPU = Release|Any CPU
	EndGlobalSection
	GlobalSection(ProjectConfigurationPlatforms) = postSolution
		{F37BFAAB-0DEE-485E-A872-75262CDD439A}.Debug|Any CPU.ActiveCfg = Debug|Any CPU
		{F37BFAAB-0DEE-485E-A872-75262CDD439A}.Debug|Any CPU.Build.0 = Debug|Any CPU
		{F37BFAAB-0DEE-485E-A872-75262CDD439A}.Release|Any CPU.ActiveCfg = Release|Any CPU
		{F37BFAAB-0DEE-485E-A872-75262CDD439A}.Release|Any CPU.Build.0 = Release|Any CPU
	EndGlobalSection
	GlobalSection(SolutionProperties) = preSolution
		HideSolutionNode = FALSE
	EndGlobalSection
	GlobalSection(ExtensibilityGlobals) = postSolution
		SolutionGuid = {9BDD567E-0A32-4B45-9724-9E8589B3EC4F}
	EndGlobalSection
EndGlobal
