
Microsoft Visual Studio Solution File, Format Version 12.00
# Visual Studio 15
VisualStudioVersion = 15.0.28307.1209
MinimumVisualStudioVersion = 10.0.40219.1
Project("{FAE04EC0-301F-11D3-BF4B-00C04F79EFBC}") = "CallingBaseConstructors", "CallingBaseConstructors\CallingBaseConstructors.csproj", "{3D25F07A-C9E0-420A-AE91-D9247D6932BF}"
EndProject
Global
	GlobalSection(SolutionConfigurationPlatforms) = preSolution
		Debug|Any CPU = Debug|Any CPU
		Release|Any CPU = Release|Any CPU
	EndGlobalSection
	GlobalSection(ProjectConfigurationPlatforms) = postSolution
		{3D25F07A-C9E0-420A-AE91-D9247D6932BF}.Debug|Any CPU.ActiveCfg = Debug|Any CPU
		{3D25F07A-C9E0-420A-AE91-D9247D6932BF}.Debug|Any CPU.Build.0 = Debug|Any CPU
		{3D25F07A-C9E0-420A-AE91-D9247D6932BF}.Release|Any CPU.ActiveCfg = Release|Any CPU
		{3D25F07A-C9E0-420A-AE91-D9247D6932BF}.Release|Any CPU.Build.0 = Release|Any CPU
	EndGlobalSection
	GlobalSection(SolutionProperties) = preSolution
		HideSolutionNode = FALSE
	EndGlobalSection
	GlobalSection(ExtensibilityGlobals) = postSolution
		SolutionGuid = {6C35D661-D6B2-4C38-855F-CC5A66967C94}
	EndGlobalSection
EndGlobal
