
Microsoft Visual Studio Solution File, Format Version 12.00
# Visual Studio 15
VisualStudioVersion = 15.0.28307.1209
MinimumVisualStudioVersion = 10.0.40219.1
Project("{FAE04EC0-301F-11D3-BF4B-00C04F79EFBC}") = "DirectingMethodCalls", "DirectingMethodCalls\DirectingMethodCalls.csproj", "{4C854BFE-BE5A-428D-A417-6B08608E4A1D}"
EndProject
Global
	GlobalSection(SolutionConfigurationPlatforms) = preSolution
		Debug|Any CPU = Debug|Any CPU
		Release|Any CPU = Release|Any CPU
	EndGlobalSection
	GlobalSection(ProjectConfigurationPlatforms) = postSolution
		{4C854BFE-BE5A-428D-A417-6B08608E4A1D}.Debug|Any CPU.ActiveCfg = Debug|Any CPU
		{4C854BFE-BE5A-428D-A417-6B08608E4A1D}.Debug|Any CPU.Build.0 = Debug|Any CPU
		{4C854BFE-BE5A-428D-A417-6B08608E4A1D}.Release|Any CPU.ActiveCfg = Release|Any CPU
		{4C854BFE-BE5A-428D-A417-6B08608E4A1D}.Release|Any CPU.Build.0 = Release|Any CPU
	EndGlobalSection
	GlobalSection(SolutionProperties) = preSolution
		HideSolutionNode = FALSE
	EndGlobalSection
	GlobalSection(ExtensibilityGlobals) = postSolution
		SolutionGuid = {A209E7C7-5C48-4D8C-80E9-7CC6A6C1688B}
	EndGlobalSection
EndGlobal
