
Microsoft Visual Studio Solution File, Format Version 12.00
# Visual Studio 15
VisualStudioVersion = 15.0.28307.1209
MinimumVisualStudioVersion = 10.0.40219.1
Project("{FAE04EC0-301F-11D3-BF4B-00C04F79EFBC}") = "DateFormatting", "DateFormatting\DateFormatting.csproj", "{C9A1C35A-BBB0-4D23-93F0-134F6E3B1416}"
EndProject
Global
	GlobalSection(SolutionConfigurationPlatforms) = preSolution
		Debug|Any CPU = Debug|Any CPU
		Release|Any CPU = Release|Any CPU
	EndGlobalSection
	GlobalSection(ProjectConfigurationPlatforms) = postSolution
		{C9A1C35A-BBB0-4D23-93F0-134F6E3B1416}.Debug|Any CPU.ActiveCfg = Debug|Any CPU
		{C9A1C35A-BBB0-4D23-93F0-134F6E3B1416}.Debug|Any CPU.Build.0 = Debug|Any CPU
		{C9A1C35A-BBB0-4D23-93F0-134F6E3B1416}.Release|Any CPU.ActiveCfg = Release|Any CPU
		{C9A1C35A-BBB0-4D23-93F0-134F6E3B1416}.Release|Any CPU.Build.0 = Release|Any CPU
	EndGlobalSection
	GlobalSection(SolutionProperties) = preSolution
		HideSolutionNode = FALSE
	EndGlobalSection
	GlobalSection(ExtensibilityGlobals) = postSolution
		SolutionGuid = {26BA5E94-AEA0-400A-9F88-01A05AC7380F}
	EndGlobalSection
EndGlobal
