
Microsoft Visual Studio Solution File, Format Version 12.00
# Visual Studio 15
VisualStudioVersion = 15.0.28307.1209
MinimumVisualStudioVersion = 10.0.40219.1
Project("{FAE04EC0-301F-11D3-BF4B-00C04F79EFBC}") = "CallingSystemDialogs", "CallingSystemDialogs\CallingSystemDialogs.csproj", "{2942B7D0-A2DB-4B85-ABDE-280C5595ECB2}"
EndProject
Global
	GlobalSection(SolutionConfigurationPlatforms) = preSolution
		Debug|Any CPU = Debug|Any CPU
		Release|Any CPU = Release|Any CPU
	EndGlobalSection
	GlobalSection(ProjectConfigurationPlatforms) = postSolution
		{2942B7D0-A2DB-4B85-ABDE-280C5595ECB2}.Debug|Any CPU.ActiveCfg = Debug|Any CPU
		{2942B7D0-A2DB-4B85-ABDE-280C5595ECB2}.Debug|Any CPU.Build.0 = Debug|Any CPU
		{2942B7D0-A2DB-4B85-ABDE-280C5595ECB2}.Release|Any CPU.ActiveCfg = Release|Any CPU
		{2942B7D0-A2DB-4B85-ABDE-280C5595ECB2}.Release|Any CPU.Build.0 = Release|Any CPU
	EndGlobalSection
	GlobalSection(SolutionProperties) = preSolution
		HideSolutionNode = FALSE
	EndGlobalSection
	GlobalSection(ExtensibilityGlobals) = postSolution
		SolutionGuid = {133470AD-C12C-4D7B-8FD0-D004E31426FC}
	EndGlobalSection
EndGlobal
