
Microsoft Visual Studio Solution File, Format Version 12.00
# Visual Studio 15
VisualStudioVersion = 15.0.28307.1169
MinimumVisualStudioVersion = 10.0.40219.1
Project("{FAE04EC0-301F-11D3-BF4B-00C04F79EFBC}") = "OverloadingMethods", "OverloadingMethods\OverloadingMethods.csproj", "{E38574CF-50F4-4E72-88B3-1217D31248CB}"
EndProject
Global
	GlobalSection(SolutionConfigurationPlatforms) = preSolution
		Debug|Any CPU = Debug|Any CPU
		Release|Any CPU = Release|Any CPU
	EndGlobalSection
	GlobalSection(ProjectConfigurationPlatforms) = postSolution
		{E38574CF-50F4-4E72-88B3-1217D31248CB}.Debug|Any CPU.ActiveCfg = Debug|Any CPU
		{E38574CF-50F4-4E72-88B3-1217D31248CB}.Debug|Any CPU.Build.0 = Debug|Any CPU
		{E38574CF-50F4-4E72-88B3-1217D31248CB}.Release|Any CPU.ActiveCfg = Release|Any CPU
		{E38574CF-50F4-4E72-88B3-1217D31248CB}.Release|Any CPU.Build.0 = Release|Any CPU
	EndGlobalSection
	GlobalSection(SolutionProperties) = preSolution
		HideSolutionNode = FALSE
	EndGlobalSection
	GlobalSection(ExtensibilityGlobals) = postSolution
		SolutionGuid = {450350C8-EF4D-4E98-93C4-26D6EAD334B5}
	EndGlobalSection
EndGlobal
