
Microsoft Visual Studio Solution File, Format Version 12.00
# Visual Studio 15
VisualStudioVersion = 15.0.28307.1209
MinimumVisualStudioVersion = 10.0.40219.1
Project("{FAE04EC0-301F-11D3-BF4B-00C04F79EFBC}") = "SolvingErrors", "SolvingErrors\SolvingErrors.csproj", "{BE7C33B7-6CF1-4116-ACBC-7149822B3F29}"
EndProject
Global
	GlobalSection(SolutionConfigurationPlatforms) = preSolution
		Debug|Any CPU = Debug|Any CPU
		Release|Any CPU = Release|Any CPU
	EndGlobalSection
	GlobalSection(ProjectConfigurationPlatforms) = postSolution
		{BE7C33B7-6CF1-4116-ACBC-7149822B3F29}.Debug|Any CPU.ActiveCfg = Debug|Any CPU
		{BE7C33B7-6CF1-4116-ACBC-7149822B3F29}.Debug|Any CPU.Build.0 = Debug|Any CPU
		{BE7C33B7-6CF1-4116-ACBC-7149822B3F29}.Release|Any CPU.ActiveCfg = Release|Any CPU
		{BE7C33B7-6CF1-4116-ACBC-7149822B3F29}.Release|Any CPU.Build.0 = Release|Any CPU
	EndGlobalSection
	GlobalSection(SolutionProperties) = preSolution
		HideSolutionNode = FALSE
	EndGlobalSection
	GlobalSection(ExtensibilityGlobals) = postSolution
		SolutionGuid = {66AC7119-B447-43BB-867E-3B65B0999C15}
	EndGlobalSection
EndGlobal
