
Microsoft Visual Studio Solution File, Format Version 12.00
# Visual Studio Version 16
VisualStudioVersion = 16.6.30114.105
MinimumVisualStudioVersion = 10.0.40219.1
Project("{FAE04EC0-301F-11D3-BF4B-00C04F79EFBC}") = "IntroUI", "IntroUI\IntroUI.csproj", "{6B7A7A9F-F51A-46E9-B01E-F14C2817E10B}"
EndProject
Project("{FAE04EC0-301F-11D3-BF4B-00C04F79EFBC}") = "IntroLibrary", "IntroLibrary\IntroLibrary.csproj", "{68857AC1-2D68-43BB-8037-E975E2D55822}"
EndProject
Global
	GlobalSection(SolutionConfigurationPlatforms) = preSolution
		Debug|Any CPU = Debug|Any CPU
		Debug|x64 = Debug|x64
		Debug|x86 = Debug|x86
		Release|Any CPU = Release|Any CPU
		Release|x64 = Release|x64
		Release|x86 = Release|x86
	EndGlobalSection
	GlobalSection(SolutionProperties) = preSolution
		HideSolutionNode = FALSE
	EndGlobalSection
	GlobalSection(ProjectConfigurationPlatforms) = postSolution
		{6B7A7A9F-F51A-46E9-B01E-F14C2817E10B}.Debug|Any CPU.ActiveCfg = Debug|Any CPU
		{6B7A7A9F-F51A-46E9-B01E-F14C2817E10B}.Debug|Any CPU.Build.0 = Debug|Any CPU
		{6B7A7A9F-F51A-46E9-B01E-F14C2817E10B}.Debug|x64.ActiveCfg = Debug|Any CPU
		{6B7A7A9F-F51A-46E9-B01E-F14C2817E10B}.Debug|x64.Build.0 = Debug|Any CPU
		{6B7A7A9F-F51A-46E9-B01E-F14C2817E10B}.Debug|x86.ActiveCfg = Debug|Any CPU
		{6B7A7A9F-F51A-46E9-B01E-F14C2817E10B}.Debug|x86.Build.0 = Debug|Any CPU
		{6B7A7A9F-F51A-46E9-B01E-F14C2817E10B}.Release|Any CPU.ActiveCfg = Release|Any CPU
		{6B7A7A9F-F51A-46E9-B01E-F14C2817E10B}.Release|Any CPU.Build.0 = Release|Any CPU
		{6B7A7A9F-F51A-46E9-B01E-F14C2817E10B}.Release|x64.ActiveCfg = Release|Any CPU
		{6B7A7A9F-F51A-46E9-B01E-F14C2817E10B}.Release|x64.Build.0 = Release|Any CPU
		{6B7A7A9F-F51A-46E9-B01E-F14C2817E10B}.Release|x86.ActiveCfg = Release|Any CPU
		{6B7A7A9F-F51A-46E9-B01E-F14C2817E10B}.Release|x86.Build.0 = Release|Any CPU
		{68857AC1-2D68-43BB-8037-E975E2D55822}.Debug|Any CPU.ActiveCfg = Debug|Any CPU
		{68857AC1-2D68-43BB-8037-E975E2D55822}.Debug|Any CPU.Build.0 = Debug|Any CPU
		{68857AC1-2D68-43BB-8037-E975E2D55822}.Debug|x64.ActiveCfg = Debug|Any CPU
		{68857AC1-2D68-43BB-8037-E975E2D55822}.Debug|x64.Build.0 = Debug|Any CPU
		{68857AC1-2D68-43BB-8037-E975E2D55822}.Debug|x86.ActiveCfg = Debug|Any CPU
		{68857AC1-2D68-43BB-8037-E975E2D55822}.Debug|x86.Build.0 = Debug|Any CPU
		{68857AC1-2D68-43BB-8037-E975E2D55822}.Release|Any CPU.ActiveCfg = Release|Any CPU
		{68857AC1-2D68-43BB-8037-E975E2D55822}.Release|Any CPU.Build.0 = Release|Any CPU
		{68857AC1-2D68-43BB-8037-E975E2D55822}.Release|x64.ActiveCfg = Release|Any CPU
		{68857AC1-2D68-43BB-8037-E975E2D55822}.Release|x64.Build.0 = Release|Any CPU
		{68857AC1-2D68-43BB-8037-E975E2D55822}.Release|x86.ActiveCfg = Release|Any CPU
		{68857AC1-2D68-43BB-8037-E975E2D55822}.Release|x86.Build.0 = Release|Any CPU
	EndGlobalSection
EndGlobal
