
Microsoft Visual Studio Solution File, Format Version 12.00
# Visual Studio 15
VisualStudioVersion = 15.0.28307.1209
MinimumVisualStudioVersion = 10.0.40219.1
Project("{FAE04EC0-301F-11D3-BF4B-00C04F79EFBC}") = "JoiningComparingStrings", "JoiningComparingStrings\JoiningComparingStrings.csproj", "{BAE7A6AF-FD25-4224-ADFA-0385E347E712}"
EndProject
Global
	GlobalSection(SolutionConfigurationPlatforms) = preSolution
		Debug|Any CPU = Debug|Any CPU
		Release|Any CPU = Release|Any CPU
	EndGlobalSection
	GlobalSection(ProjectConfigurationPlatforms) = postSolution
		{BAE7A6AF-FD25-4224-ADFA-0385E347E712}.Debug|Any CPU.ActiveCfg = Debug|Any CPU
		{BAE7A6AF-FD25-4224-ADFA-0385E347E712}.Debug|Any CPU.Build.0 = Debug|Any CPU
		{BAE7A6AF-FD25-4224-ADFA-0385E347E712}.Release|Any CPU.ActiveCfg = Release|Any CPU
		{BAE7A6AF-FD25-4224-ADFA-0385E347E712}.Release|Any CPU.Build.0 = Release|Any CPU
	EndGlobalSection
	GlobalSection(SolutionProperties) = preSolution
		HideSolutionNode = FALSE
	EndGlobalSection
	GlobalSection(ExtensibilityGlobals) = postSolution
		SolutionGuid = {FEF72777-F888-43E3-B8C6-F1230A9D5AC3}
	EndGlobalSection
EndGlobal
