
Microsoft Visual Studio Solution File, Format Version 12.00
# Visual Studio 15
VisualStudioVersion = 15.0.28307.1169
MinimumVisualStudioVersion = 10.0.40219.1
Project("{FAE04EC0-301F-11D3-BF4B-00C04F79EFBC}") = "Cast", "Cast\Cast.csproj", "{1A2B5A4C-1771-4D6F-9D70-C2ED43822A4A}"
EndProject
Global
	GlobalSection(SolutionConfigurationPlatforms) = preSolution
		Debug|Any CPU = Debug|Any CPU
		Release|Any CPU = Release|Any CPU
	EndGlobalSection
	GlobalSection(ProjectConfigurationPlatforms) = postSolution
		{1A2B5A4C-1771-4D6F-9D70-C2ED43822A4A}.Debug|Any CPU.ActiveCfg = Debug|Any CPU
		{1A2B5A4C-1771-4D6F-9D70-C2ED43822A4A}.Debug|Any CPU.Build.0 = Debug|Any CPU
		{1A2B5A4C-1771-4D6F-9D70-C2ED43822A4A}.Release|Any CPU.ActiveCfg = Release|Any CPU
		{1A2B5A4C-1771-4D6F-9D70-C2ED43822A4A}.Release|Any CPU.Build.0 = Release|Any CPU
	EndGlobalSection
	GlobalSection(SolutionProperties) = preSolution
		HideSolutionNode = FALSE
	EndGlobalSection
	GlobalSection(ExtensibilityGlobals) = postSolution
		SolutionGuid = {3BE94874-1C23-4D71-B9A5-59C3CFE243C9}
	EndGlobalSection
EndGlobal
