
Microsoft Visual Studio Solution File, Format Version 12.00
# Visual Studio 15
VisualStudioVersion = 15.0.28307.1209
MinimumVisualStudioVersion = 10.0.40219.1
Project("{FAE04EC0-301F-11D3-BF4B-00C04F79EFBC}") = "PartIalClasses", "PartIalClasses\PartIalClasses.csproj", "{3361955D-00AE-4180-94CD-3D240F3B9ADE}"
EndProject
Global
	GlobalSection(SolutionConfigurationPlatforms) = preSolution
		Debug|Any CPU = Debug|Any CPU
		Release|Any CPU = Release|Any CPU
	EndGlobalSection
	GlobalSection(ProjectConfigurationPlatforms) = postSolution
		{3361955D-00AE-4180-94CD-3D240F3B9ADE}.Debug|Any CPU.ActiveCfg = Debug|Any CPU
		{3361955D-00AE-4180-94CD-3D240F3B9ADE}.Debug|Any CPU.Build.0 = Debug|Any CPU
		{3361955D-00AE-4180-94CD-3D240F3B9ADE}.Release|Any CPU.ActiveCfg = Release|Any CPU
		{3361955D-00AE-4180-94CD-3D240F3B9ADE}.Release|Any CPU.Build.0 = Release|Any CPU
	EndGlobalSection
	GlobalSection(SolutionProperties) = preSolution
		HideSolutionNode = FALSE
	EndGlobalSection
	GlobalSection(ExtensibilityGlobals) = postSolution
		SolutionGuid = {9DCF14E9-75B6-441F-BAB9-119A5D0977E5}
	EndGlobalSection
EndGlobal
